// !$*UTF8*$!
{
	archiveVersion = 1;
	classes = {
	};
	objectVersion = 50;
	objects = {

/* Begin PBXBuildFile section */
		D4E79E042170A387006F4225 /* BeerListTests.swift in Sources */ = {isa = PBXBuildFile; fileRef = D4E79E032170A387006F4225 /* BeerListTests.swift */; };
		D4E79E1C2170A465006F4225 /* Assets.xcassets in Resources */ = {isa = PBXBuildFile; fileRef = D4E79E0F2170A464006F4225 /* Assets.xcassets */; };
		D4E79E1D2170A465006F4225 /* LaunchScreen.storyboard in Resources */ = {isa = PBXBuildFile; fileRef = D4E79E102170A464006F4225 /* LaunchScreen.storyboard */; };
		D4E79E202170A465006F4225 /* AppDelegate.swift in Sources */ = {isa = PBXBuildFile; fileRef = D4E79E152170A464006F4225 /* AppDelegate.swift */; };
		D4E79E212170A465006F4225 /* BeerCategoriesVC.swift in Sources */ = {isa = PBXBuildFile; fileRef = D4E79E1B2170A464006F4225 /* BeerCategoriesVC.swift */; };
		D4E79E252170A5E9006F4225 /* Config.swift in Sources */ = {isa = PBXBuildFile; fileRef = D4E79E242170A5E9006F4225 /* Config.swift */; };
		D4E79E272170A79E006F4225 /* Constants.swift in Sources */ = {isa = PBXBuildFile; fileRef = D4E79E262170A79E006F4225 /* Constants.swift */; };
		D4E79E2B2170A888006F4225 /* NetworkClient.swift in Sources */ = {isa = PBXBuildFile; fileRef = D4E79E292170A888006F4225 /* NetworkClient.swift */; };
		D4E79E2C2170A888006F4225 /* Response.swift in Sources */ = {isa = PBXBuildFile; fileRef = D4E79E2A2170A888006F4225 /* Response.swift */; };
		D4E79E312170B08A006F4225 /* BeerCategoriesInteractor.swift in Sources */ = {isa = PBXBuildFile; fileRef = D4E79E302170B08A006F4225 /* BeerCategoriesInteractor.swift */; };
		D4E79E332170B0A8006F4225 /* BeerCategory.swift in Sources */ = {isa = PBXBuildFile; fileRef = D4E79E322170B0A8006F4225 /* BeerCategory.swift */; };
		D4E79E352170B125006F4225 /* BeerCategoriesWireframe.swift in Sources */ = {isa = PBXBuildFile; fileRef = D4E79E342170B125006F4225 /* BeerCategoriesWireframe.swift */; };
		D4E79E372170B162006F4225 /* BeerListVC.swift in Sources */ = {isa = PBXBuildFile; fileRef = D4E79E362170B162006F4225 /* BeerListVC.swift */; };
		D4E79E3A2170B248006F4225 /* BeerCategories.storyboard in Resources */ = {isa = PBXBuildFile; fileRef = D4E79E382170B248006F4225 /* BeerCategories.storyboard */; };
		D4E79E3B2170B248006F4225 /* BeerCategoriesPresenter.swift in Sources */ = {isa = PBXBuildFile; fileRef = D4E79E392170B248006F4225 /* BeerCategoriesPresenter.swift */; };
		D4E79E3D2170B416006F4225 /* BeerList.storyboard in Resources */ = {isa = PBXBuildFile; fileRef = D4E79E3C2170B416006F4225 /* BeerList.storyboard */; };
		D4E79E3F2170B433006F4225 /* BeerListPresenter.swift in Sources */ = {isa = PBXBuildFile; fileRef = D4E79E3E2170B433006F4225 /* BeerListPresenter.swift */; };
		D4E79E412170B450006F4225 /* Beer.swift in Sources */ = {isa = PBXBuildFile; fileRef = D4E79E402170B450006F4225 /* Beer.swift */; };
		D4E79E432170B525006F4225 /* BeerLabel.swift in Sources */ = {isa = PBXBuildFile; fileRef = D4E79E422170B525006F4225 /* BeerLabel.swift */; };
		D4E79E452170B64A006F4225 /* BeerListInteractor.swift in Sources */ = {isa = PBXBuildFile; fileRef = D4E79E442170B64A006F4225 /* BeerListInteractor.swift */; };
		D4E79E472170B65D006F4225 /* BeerListWireframe.swift in Sources */ = {isa = PBXBuildFile; fileRef = D4E79E462170B65D006F4225 /* BeerListWireframe.swift */; };
		D4E79E492170B8CD006F4225 /* BeerDetail.storyboard in Resources */ = {isa = PBXBuildFile; fileRef = D4E79E482170B8CD006F4225 /* BeerDetail.storyboard */; };
		D4E79E4B2170B8DB006F4225 /* BeerDetailVC.swift in Sources */ = {isa = PBXBuildFile; fileRef = D4E79E4A2170B8DB006F4225 /* BeerDetailVC.swift */; };
		D4E79E4D2170B8F5006F4225 /* BeerDetailPresenter.swift in Sources */ = {isa = PBXBuildFile; fileRef = D4E79E4C2170B8F5006F4225 /* BeerDetailPresenter.swift */; };
		D4E79E4F2170B908006F4225 /* BeerDetailInteractor.swift in Sources */ = {isa = PBXBuildFile; fileRef = D4E79E4E2170B908006F4225 /* BeerDetailInteractor.swift */; };
		D4E79E512170B91A006F4225 /* BeerDetailWireframe.swift in Sources */ = {isa = PBXBuildFile; fileRef = D4E79E502170B91A006F4225 /* BeerDetailWireframe.swift */; };
		D4E79E532170DD72006F4225 /* BeerCategoriesService.swift in Sources */ = {isa = PBXBuildFile; fileRef = D4E79E522170DD72006F4225 /* BeerCategoriesService.swift */; };
		D4E79E552170E235006F4225 /* Result.swift in Sources */ = {isa = PBXBuildFile; fileRef = D4E79E542170E235006F4225 /* Result.swift */; };
/* End PBXBuildFile section */

/* Begin PBXContainerItemProxy section */
		D4E79E002170A387006F4225 /* PBXContainerItemProxy */ = {
			isa = PBXContainerItemProxy;
			containerPortal = D4E79DE32170A386006F4225 /* Project object */;
			proxyType = 1;
			remoteGlobalIDString = D4E79DEA2170A386006F4225;
			remoteInfo = BeerList;
		};
/* End PBXContainerItemProxy section */

/* Begin PBXFileReference section */
		D4E79DEB2170A386006F4225 /* BeerList.app */ = {isa = PBXFileReference; explicitFileType = wrapper.application; includeInIndex = 0; path = BeerList.app; sourceTree = BUILT_PRODUCTS_DIR; };
		D4E79DFF2170A387006F4225 /* BeerListTests.xctest */ = {isa = PBXFileReference; explicitFileType = wrapper.cfbundle; includeInIndex = 0; path = BeerListTests.xctest; sourceTree = BUILT_PRODUCTS_DIR; };
		D4E79E032170A387006F4225 /* BeerListTests.swift */ = {isa = PBXFileReference; lastKnownFileType = sourcecode.swift; path = BeerListTests.swift; sourceTree = "<group>"; };
		D4E79E052170A387006F4225 /* Info.plist */ = {isa = PBXFileReference; lastKnownFileType = text.plist.xml; path = Info.plist; sourceTree = "<group>"; };
		D4E79E0F2170A464006F4225 /* Assets.xcassets */ = {isa = PBXFileReference; lastKnownFileType = folder.assetcatalog; path = Assets.xcassets; sourceTree = "<group>"; };
		D4E79E112170A464006F4225 /* Base */ = {isa = PBXFileReference; lastKnownFileType = file.storyboard; name = Base; path = Base.lproj/LaunchScreen.storyboard; sourceTree = "<group>"; };
		D4E79E142170A464006F4225 /* Info.plist */ = {isa = PBXFileReference; fileEncoding = 4; lastKnownFileType = text.plist.xml; path = Info.plist; sourceTree = "<group>"; };
		D4E79E152170A464006F4225 /* AppDelegate.swift */ = {isa = PBXFileReference; fileEncoding = 4; lastKnownFileType = sourcecode.swift; path = AppDelegate.swift; sourceTree = "<group>"; };
		D4E79E1B2170A464006F4225 /* BeerCategoriesVC.swift */ = {isa = PBXFileReference; fileEncoding = 4; lastKnownFileType = sourcecode.swift; path = BeerCategoriesVC.swift; sourceTree = "<group>"; };
		D4E79E232170A5C4006F4225 /* Config.xcconfig */ = {isa = PBXFileReference; lastKnownFileType = text.xcconfig; path = Config.xcconfig; sourceTree = "<group>"; };
		D4E79E242170A5E9006F4225 /* Config.swift */ = {isa = PBXFileReference; lastKnownFileType = sourcecode.swift; path = Config.swift; sourceTree = "<group>"; };
		D4E79E262170A79E006F4225 /* Constants.swift */ = {isa = PBXFileReference; lastKnownFileType = sourcecode.swift; path = Constants.swift; sourceTree = "<group>"; };
		D4E79E292170A888006F4225 /* NetworkClient.swift */ = {isa = PBXFileReference; fileEncoding = 4; lastKnownFileType = sourcecode.swift; path = NetworkClient.swift; sourceTree = "<group>"; };
		D4E79E2A2170A888006F4225 /* Response.swift */ = {isa = PBXFileReference; fileEncoding = 4; lastKnownFileType = sourcecode.swift; path = Response.swift; sourceTree = "<group>"; };
		D4E79E302170B08A006F4225 /* BeerCategoriesInteractor.swift */ = {isa = PBXFileReference; lastKnownFileType = sourcecode.swift; path = BeerCategoriesInteractor.swift; sourceTree = "<group>"; };
		D4E79E322170B0A8006F4225 /* BeerCategory.swift */ = {isa = PBXFileReference; lastKnownFileType = sourcecode.swift; path = BeerCategory.swift; sourceTree = "<group>"; };
		D4E79E342170B125006F4225 /* BeerCategoriesWireframe.swift */ = {isa = PBXFileReference; lastKnownFileType = sourcecode.swift; path = BeerCategoriesWireframe.swift; sourceTree = "<group>"; };
		D4E79E362170B162006F4225 /* BeerListVC.swift */ = {isa = PBXFileReference; lastKnownFileType = sourcecode.swift; path = BeerListVC.swift; sourceTree = "<group>"; };
		D4E79E382170B248006F4225 /* BeerCategories.storyboard */ = {isa = PBXFileReference; fileEncoding = 4; lastKnownFileType = file.storyboard; path = BeerCategories.storyboard; sourceTree = "<group>"; };
		D4E79E392170B248006F4225 /* BeerCategoriesPresenter.swift */ = {isa = PBXFileReference; fileEncoding = 4; lastKnownFileType = sourcecode.swift; path = BeerCategoriesPresenter.swift; sourceTree = "<group>"; };
		D4E79E3C2170B416006F4225 /* BeerList.storyboard */ = {isa = PBXFileReference; lastKnownFileType = file.storyboard; path = BeerList.storyboard; sourceTree = "<group>"; };
		D4E79E3E2170B433006F4225 /* BeerListPresenter.swift */ = {isa = PBXFileReference; lastKnownFileType = sourcecode.swift; path = BeerListPresenter.swift; sourceTree = "<group>"; };
		D4E79E402170B450006F4225 /* Beer.swift */ = {isa = PBXFileReference; lastKnownFileType = sourcecode.swift; path = Beer.swift; sourceTree = "<group>"; };
		D4E79E422170B525006F4225 /* BeerLabel.swift */ = {isa = PBXFileReference; lastKnownFileType = sourcecode.swift; path = BeerLabel.swift; sourceTree = "<group>"; };
		D4E79E442170B64A006F4225 /* BeerListInteractor.swift */ = {isa = PBXFileReference; lastKnownFileType = sourcecode.swift; path = BeerListInteractor.swift; sourceTree = "<group>"; };
		D4E79E462170B65D006F4225 /* BeerListWireframe.swift */ = {isa = PBXFileReference; lastKnownFileType = sourcecode.swift; path = BeerListWireframe.swift; sourceTree = "<group>"; };
		D4E79E482170B8CD006F4225 /* BeerDetail.storyboard */ = {isa = PBXFileReference; lastKnownFileType = file.storyboard; path = BeerDetail.storyboard; sourceTree = "<group>"; };
		D4E79E4A2170B8DB006F4225 /* BeerDetailVC.swift */ = {isa = PBXFileReference; lastKnownFileType = sourcecode.swift; path = BeerDetailVC.swift; sourceTree = "<group>"; };
		D4E79E4C2170B8F5006F4225 /* BeerDetailPresenter.swift */ = {isa = PBXFileReference; lastKnownFileType = sourcecode.swift; path = BeerDetailPresenter.swift; sourceTree = "<group>"; };
		D4E79E4E2170B908006F4225 /* BeerDetailInteractor.swift */ = {isa = PBXFileReference; lastKnownFileType = sourcecode.swift; path = BeerDetailInteractor.swift; sourceTree = "<group>"; };
		D4E79E502170B91A006F4225 /* BeerDetailWireframe.swift */ = {isa = PBXFileReference; lastKnownFileType = sourcecode.swift; path = BeerDetailWireframe.swift; sourceTree = "<group>"; };
		D4E79E522170DD72006F4225 /* BeerCategoriesService.swift */ = {isa = PBXFileReference; lastKnownFileType = sourcecode.swift; path = BeerCategoriesService.swift; sourceTree = "<group>"; };
		D4E79E542170E235006F4225 /* Result.swift */ = {isa = PBXFileReference; fileEncoding = 4; lastKnownFileType = sourcecode.swift; path = Result.swift; sourceTree = "<group>"; };
/* End PBXFileReference section */

/* Begin PBXFrameworksBuildPhase section */
		D4E79DE82170A386006F4225 /* Frameworks */ = {
			isa = PBXFrameworksBuildPhase;
			buildActionMask = 2147483647;
			files = (
			);
			runOnlyForDeploymentPostprocessing = 0;
		};
		D4E79DFC2170A387006F4225 /* Frameworks */ = {
			isa = PBXFrameworksBuildPhase;
			buildActionMask = 2147483647;
			files = (
			);
			runOnlyForDeploymentPostprocessing = 0;
		};
/* End PBXFrameworksBuildPhase section */

/* Begin PBXGroup section */
		D4E79DE22170A386006F4225 = {
			isa = PBXGroup;
			children = (
				D4E79DED2170A386006F4225 /* BeerList */,
				D4E79E022170A387006F4225 /* BeerListTests */,
				D4E79DEC2170A386006F4225 /* Products */,
			);
			sourceTree = "<group>";
		};
		D4E79DEC2170A386006F4225 /* Products */ = {
			isa = PBXGroup;
			children = (
				D4E79DEB2170A386006F4225 /* BeerList.app */,
				D4E79DFF2170A387006F4225 /* BeerListTests.xctest */,
			);
			name = Products;
			sourceTree = "<group>";
		};
		D4E79DED2170A386006F4225 /* BeerList */ = {
			isa = PBXGroup;
			children = (
				D4E79E152170A464006F4225 /* AppDelegate.swift */,
				D4E79E162170A464006F4225 /* Commons */,
				D4E79E222170A49A006F4225 /* Config */,
				D4E79E0E2170A464006F4225 /* Resources */,
				D4E79E172170A464006F4225 /* Sections */,
			);
			path = BeerList;
			sourceTree = "<group>";
		};
		D4E79E022170A387006F4225 /* BeerListTests */ = {
			isa = PBXGroup;
			children = (
				D4E79E032170A387006F4225 /* BeerListTests.swift */,
				D4E79E052170A387006F4225 /* Info.plist */,
			);
			path = BeerListTests;
			sourceTree = "<group>";
		};
		D4E79E0E2170A464006F4225 /* Resources */ = {
			isa = PBXGroup;
			children = (
				D4E79E0F2170A464006F4225 /* Assets.xcassets */,
				D4E79E102170A464006F4225 /* LaunchScreen.storyboard */,
				D4E79E142170A464006F4225 /* Info.plist */,
			);
			path = Resources;
			sourceTree = "<group>";
		};
		D4E79E162170A464006F4225 /* Commons */ = {
			isa = PBXGroup;
			children = (
				D4E79E542170E235006F4225 /* Result.swift */,
				D4E79E282170A888006F4225 /* Network */,
				D4E79E262170A79E006F4225 /* Constants.swift */,
			);
			path = Commons;
			sourceTree = "<group>";
		};
		D4E79E172170A464006F4225 /* Sections */ = {
			isa = PBXGroup;
			children = (
				D4E79E182170A464006F4225 /* BeerDetail */,
				D4E79E192170A464006F4225 /* BeerList */,
				D4E79E1A2170A464006F4225 /* Categories */,
			);
			path = Sections;
			sourceTree = "<group>";
		};
		D4E79E182170A464006F4225 /* BeerDetail */ = {
			isa = PBXGroup;
			children = (
				D4E79E482170B8CD006F4225 /* BeerDetail.storyboard */,
				D4E79E4A2170B8DB006F4225 /* BeerDetailVC.swift */,
				D4E79E4C2170B8F5006F4225 /* BeerDetailPresenter.swift */,
				D4E79E4E2170B908006F4225 /* BeerDetailInteractor.swift */,
				D4E79E502170B91A006F4225 /* BeerDetailWireframe.swift */,
			);
			path = BeerDetail;
			sourceTree = "<group>";
		};
		D4E79E192170A464006F4225 /* BeerList */ = {
			isa = PBXGroup;
			children = (
				D4E79E362170B162006F4225 /* BeerListVC.swift */,
				D4E79E3C2170B416006F4225 /* BeerList.storyboard */,
				D4E79E3E2170B433006F4225 /* BeerListPresenter.swift */,
				D4E79E402170B450006F4225 /* Beer.swift */,
				D4E79E422170B525006F4225 /* BeerLabel.swift */,
				D4E79E442170B64A006F4225 /* BeerListInteractor.swift */,
				D4E79E462170B65D006F4225 /* BeerListWireframe.swift */,
			);
			path = BeerList;
			sourceTree = "<group>";
		};
		D4E79E1A2170A464006F4225 /* Categories */ = {
			isa = PBXGroup;
			children = (
				D4E79E382170B248006F4225 /* BeerCategories.storyboard */,
				D4E79E392170B248006F4225 /* BeerCategoriesPresenter.swift */,
				D4E79E302170B08A006F4225 /* BeerCategoriesInteractor.swift */,
				D4E79E1B2170A464006F4225 /* BeerCategoriesVC.swift */,
				D4E79E322170B0A8006F4225 /* BeerCategory.swift */,
				D4E79E342170B125006F4225 /* BeerCategoriesWireframe.swift */,
				D4E79E522170DD72006F4225 /* BeerCategoriesService.swift */,
			);
			path = Categories;
			sourceTree = "<group>";
		};
		D4E79E222170A49A006F4225 /* Config */ = {
			isa = PBXGroup;
			children = (
				D4E79E232170A5C4006F4225 /* Config.xcconfig */,
				D4E79E242170A5E9006F4225 /* Config.swift */,
			);
			path = Config;
			sourceTree = "<group>";
		};
		D4E79E282170A888006F4225 /* Network */ = {
			isa = PBXGroup;
			children = (
				D4E79E292170A888006F4225 /* NetworkClient.swift */,
				D4E79E2A2170A888006F4225 /* Response.swift */,
			);
			path = Network;
			sourceTree = "<group>";
		};
/* End PBXGroup section */

/* Begin PBXNativeTarget section */
		D4E79DEA2170A386006F4225 /* BeerList */ = {
			isa = PBXNativeTarget;
			buildConfigurationList = D4E79E082170A387006F4225 /* Build configuration list for PBXNativeTarget "BeerList" */;
			buildPhases = (
				D4E79DE72170A386006F4225 /* Sources */,
				D4E79DE82170A386006F4225 /* Frameworks */,
				D4E79DE92170A386006F4225 /* Resources */,
			);
			buildRules = (
			);
			dependencies = (
			);
			name = BeerList;
			productName = BeerList;
			productReference = D4E79DEB2170A386006F4225 /* BeerList.app */;
			productType = "com.apple.product-type.application";
		};
		D4E79DFE2170A387006F4225 /* BeerListTests */ = {
			isa = PBXNativeTarget;
			buildConfigurationList = D4E79E0B2170A387006F4225 /* Build configuration list for PBXNativeTarget "BeerListTests" */;
			buildPhases = (
				D4E79DFB2170A387006F4225 /* Sources */,
				D4E79DFC2170A387006F4225 /* Frameworks */,
				D4E79DFD2170A387006F4225 /* Resources */,
			);
			buildRules = (
			);
			dependencies = (
				D4E79E012170A387006F4225 /* PBXTargetDependency */,
			);
			name = BeerListTests;
			productName = BeerListTests;
			productReference = D4E79DFF2170A387006F4225 /* BeerListTests.xctest */;
			productType = "com.apple.product-type.bundle.unit-test";
		};
/* End PBXNativeTarget section */

/* Begin PBXProject section */
		D4E79DE32170A386006F4225 /* Project object */ = {
			isa = PBXProject;
			attributes = {
				LastSwiftUpdateCheck = 1000;
				LastUpgradeCheck = 1000;
				ORGANIZATIONNAME = "Carlos Manuel Vicente Herrero";
				TargetAttributes = {
					D4E79DEA2170A386006F4225 = {
						CreatedOnToolsVersion = 10.0;
						LastSwiftMigration = 1000;
					};
					D4E79DFE2170A387006F4225 = {
						CreatedOnToolsVersion = 10.0;
						TestTargetID = D4E79DEA2170A386006F4225;
					};
				};
			};
			buildConfigurationList = D4E79DE62170A386006F4225 /* Build configuration list for PBXProject "BeerList" */;
			compatibilityVersion = "Xcode 9.3";
			developmentRegion = en;
			hasScannedForEncodings = 0;
			knownRegions = (
				en,
				Base,
			);
			mainGroup = D4E79DE22170A386006F4225;
			productRefGroup = D4E79DEC2170A386006F4225 /* Products */;
			projectDirPath = "";
			projectRoot = "";
			targets = (
				D4E79DEA2170A386006F4225 /* BeerList */,
				D4E79DFE2170A387006F4225 /* BeerListTests */,
			);
		};
/* End PBXProject section */

/* Begin PBXResourcesBuildPhase section */
		D4E79DE92170A386006F4225 /* Resources */ = {
			isa = PBXResourcesBuildPhase;
			buildActionMask = 2147483647;
			files = (
				D4E79E3D2170B416006F4225 /* BeerList.storyboard in Resources */,
				D4E79E1C2170A465006F4225 /* Assets.xcassets in Resources */,
				D4E79E3A2170B248006F4225 /* BeerCategories.storyboard in Resources */,
				D4E79E1D2170A465006F4225 /* LaunchScreen.storyboard in Resources */,
				D4E79E492170B8CD006F4225 /* BeerDetail.storyboard in Resources */,
			);
			runOnlyForDeploymentPostprocessing = 0;
		};
		D4E79DFD2170A387006F4225 /* Resources */ = {
			isa = PBXResourcesBuildPhase;
			buildActionMask = 2147483647;
			files = (
			);
			runOnlyForDeploymentPostprocessing = 0;
		};
/* End PBXResourcesBuildPhase section */

/* Begin PBXSourcesBuildPhase section */
		D4E79DE72170A386006F4225 /* Sources */ = {
			isa = PBXSourcesBuildPhase;
			buildActionMask = 2147483647;
			files = (
				D4E79E212170A465006F4225 /* BeerCategoriesVC.swift in Sources */,
				D4E79E372170B162006F4225 /* BeerListVC.swift in Sources */,
				D4E79E532170DD72006F4225 /* BeerCategoriesService.swift in Sources */,
				D4E79E2B2170A888006F4225 /* NetworkClient.swift in Sources */,
				D4E79E202170A465006F4225 /* AppDelegate.swift in Sources */,
				D4E79E4F2170B908006F4225 /* BeerDetailInteractor.swift in Sources */,
				D4E79E3F2170B433006F4225 /* BeerListPresenter.swift in Sources */,
				D4E79E412170B450006F4225 /* Beer.swift in Sources */,
				D4E79E4B2170B8DB006F4225 /* BeerDetailVC.swift in Sources */,
				D4E79E4D2170B8F5006F4225 /* BeerDetailPresenter.swift in Sources */,
				D4E79E552170E235006F4225 /* Result.swift in Sources */,
				D4E79E252170A5E9006F4225 /* Config.swift in Sources */,
				D4E79E352170B125006F4225 /* BeerCategoriesWireframe.swift in Sources */,
				D4E79E512170B91A006F4225 /* BeerDetailWireframe.swift in Sources */,
				D4E79E3B2170B248006F4225 /* BeerCategoriesPresenter.swift in Sources */,
				D4E79E2C2170A888006F4225 /* Response.swift in Sources */,
				D4E79E432170B525006F4225 /* BeerLabel.swift in Sources */,
				D4E79E332170B0A8006F4225 /* BeerCategory.swift in Sources */,
				D4E79E452170B64A006F4225 /* BeerListInteractor.swift in Sources */,
				D4E79E312170B08A006F4225 /* BeerCategoriesInteractor.swift in Sources */,
				D4E79E472170B65D006F4225 /* BeerListWireframe.swift in Sources */,
				D4E79E272170A79E006F4225 /* Constants.swift in Sources */,
			);
			runOnlyForDeploymentPostprocessing = 0;
		};
		D4E79DFB2170A387006F4225 /* Sources */ = {
			isa = PBXSourcesBuildPhase;
			buildActionMask = 2147483647;
			files = (
				D4E79E042170A387006F4225 /* BeerListTests.swift in Sources */,
			);
			runOnlyForDeploymentPostprocessing = 0;
		};
/* End PBXSourcesBuildPhase section */

/* Begin PBXTargetDependency section */
		D4E79E012170A387006F4225 /* PBXTargetDependency */ = {
			isa = PBXTargetDependency;
			target = D4E79DEA2170A386006F4225 /* BeerList */;
			targetProxy = D4E79E002170A387006F4225 /* PBXContainerItemProxy */;
		};
/* End PBXTargetDependency section */

/* Begin PBXVariantGroup section */
		D4E79E102170A464006F4225 /* LaunchScreen.storyboard */ = {
			isa = PBXVariantGroup;
			children = (
				D4E79E112170A464006F4225 /* Base */,
			);
			name = LaunchScreen.storyboard;
			sourceTree = "<group>";
		};
/* End PBXVariantGroup section */

/* Begin XCBuildConfiguration section */
		D4E79E062170A387006F4225 /* Debug */ = {
			isa = XCBuildConfiguration;
			baseConfigurationReference = D4E79E232170A5C4006F4225 /* Config.xcconfig */;
			buildSettings = {
				ALWAYS_SEARCH_USER_PATHS = NO;
				CLANG_ANALYZER_NONNULL = YES;
				CLANG_ANALYZER_NUMBER_OBJECT_CONVERSION = YES_AGGRESSIVE;
				CLANG_CXX_LANGUAGE_STANDARD = "gnu++14";
				CLANG_CXX_LIBRARY = "libc++";
				CLANG_ENABLE_MODULES = YES;
				CLANG_ENABLE_OBJC_ARC = YES;
				CLANG_ENABLE_OBJC_WEAK = YES;
				CLANG_WARN_BLOCK_CAPTURE_AUTORELEASING = YES;
				CLANG_WARN_BOOL_CONVERSION = YES;
				CLANG_WARN_COMMA = YES;
				CLANG_WARN_CONSTANT_CONVERSION = YES;
				CLANG_WARN_DEPRECATED_OBJC_IMPLEMENTATIONS = YES;
				CLANG_WARN_DIRECT_OBJC_ISA_USAGE = YES_ERROR;
				CLANG_WARN_DOCUMENTATION_COMMENTS = YES;
				CLANG_WARN_EMPTY_BODY = YES;
				CLANG_WARN_ENUM_CONVERSION = YES;
				CLANG_WARN_INFINITE_RECURSION = YES;
				CLANG_WARN_INT_CONVERSION = YES;
				CLANG_WARN_NON_LITERAL_NULL_CONVERSION = YES;
				CLANG_WARN_OBJC_IMPLICIT_RETAIN_SELF = YES;
				CLANG_WARN_OBJC_LITERAL_CONVERSION = YES;
				CLANG_WARN_OBJC_ROOT_CLASS = YES_ERROR;
				CLANG_WARN_RANGE_LOOP_ANALYSIS = YES;
				CLANG_WARN_STRICT_PROTOTYPES = YES;
				CLANG_WARN_SUSPICIOUS_MOVE = YES;
				CLANG_WARN_UNGUARDED_AVAILABILITY = YES_AGGRESSIVE;
				CLANG_WARN_UNREACHABLE_CODE = YES;
				CLANG_WARN__DUPLICATE_METHOD_MATCH = YES;
				CODE_SIGN_IDENTITY = "iPhone Developer";
				COPY_PHASE_STRIP = NO;
				DEBUG_INFORMATION_FORMAT = dwarf;
				ENABLE_STRICT_OBJC_MSGSEND = YES;
				ENABLE_TESTABILITY = YES;
				GCC_C_LANGUAGE_STANDARD = gnu11;
				GCC_DYNAMIC_NO_PIC = NO;
				GCC_NO_COMMON_BLOCKS = YES;
				GCC_OPTIMIZATION_LEVEL = 0;
				GCC_PREPROCESSOR_DEFINITIONS = (
					"DEBUG=1",
					"$(inherited)",
				);
				GCC_WARN_64_TO_32_BIT_CONVERSION = YES;
				GCC_WARN_ABOUT_RETURN_TYPE = YES_ERROR;
				GCC_WARN_UNDECLARED_SELECTOR = YES;
				GCC_WARN_UNINITIALIZED_AUTOS = YES_AGGRESSIVE;
				GCC_WARN_UNUSED_FUNCTION = YES;
				GCC_WARN_UNUSED_VARIABLE = YES;
				IPHONEOS_DEPLOYMENT_TARGET = 10.0;
				MTL_ENABLE_DEBUG_INFO = INCLUDE_SOURCE;
				MTL_FAST_MATH = YES;
				ONLY_ACTIVE_ARCH = YES;
				SDKROOT = iphoneos;
				SWIFT_ACTIVE_COMPILATION_CONDITIONS = DEBUG;
				SWIFT_OPTIMIZATION_LEVEL = "-Onone";
			};
			name = Debug;
		};
		D4E79E072170A387006F4225 /* Release */ = {
			isa = XCBuildConfiguration;
			baseConfigurationReference = D4E79E232170A5C4006F4225 /* Config.xcconfig */;
			buildSettings = {
				ALWAYS_SEARCH_USER_PATHS = NO;
				CLANG_ANALYZER_NONNULL = YES;
				CLANG_ANALYZER_NUMBER_OBJECT_CONVERSION = YES_AGGRESSIVE;
				CLANG_CXX_LANGUAGE_STANDARD = "gnu++14";
				CLANG_CXX_LIBRARY = "libc++";
				CLANG_ENABLE_MODULES = YES;
				CLANG_ENABLE_OBJC_ARC = YES;
				CLANG_ENABLE_OBJC_WEAK = YES;
				CLANG_WARN_BLOCK_CAPTURE_AUTORELEASING = YES;
				CLANG_WARN_BOOL_CONVERSION = YES;
				CLANG_WARN_COMMA = YES;
				CLANG_WARN_CONSTANT_CONVERSION = YES;
				CLANG_WARN_DEPRECATED_OBJC_IMPLEMENTATIONS = YES;
				CLANG_WARN_DIRECT_OBJC_ISA_USAGE = YES_ERROR;
				CLANG_WARN_DOCUMENTATION_COMMENTS = YES;
				CLANG_WARN_EMPTY_BODY = YES;
				CLANG_WARN_ENUM_CONVERSION = YES;
				CLANG_WARN_INFINITE_RECURSION = YES;
				CLANG_WARN_INT_CONVERSION = YES;
				CLANG_WARN_NON_LITERAL_NULL_CONVERSION = YES;
				CLANG_WARN_OBJC_IMPLICIT_RETAIN_SELF = YES;
				CLANG_WARN_OBJC_LITERAL_CONVERSION = YES;
				CLANG_WARN_OBJC_ROOT_CLASS = YES_ERROR;
				CLANG_WARN_RANGE_LOOP_ANALYSIS = YES;
				CLANG_WARN_STRICT_PROTOTYPES = YES;
				CLANG_WARN_SUSPICIOUS_MOVE = YES;
				CLANG_WARN_UNGUARDED_AVAILABILITY = YES_AGGRESSIVE;
				CLANG_WARN_UNREACHABLE_CODE = YES;
				CLANG_WARN__DUPLICATE_METHOD_MATCH = YES;
				CODE_SIGN_IDENTITY = "iPhone Developer";
				COPY_PHASE_STRIP = NO;
				DEBUG_INFORMATION_FORMAT = "dwarf-with-dsym";
				ENABLE_NS_ASSERTIONS = NO;
				ENABLE_STRICT_OBJC_MSGSEND = YES;
				GCC_C_LANGUAGE_STANDARD = gnu11;
				GCC_NO_COMMON_BLOCKS = YES;
				GCC_WARN_64_TO_32_BIT_CONVERSION = YES;
				GCC_WARN_ABOUT_RETURN_TYPE = YES_ERROR;
				GCC_WARN_UNDECLARED_SELECTOR = YES;
				GCC_WARN_UNINITIALIZED_AUTOS = YES_AGGRESSIVE;
				GCC_WARN_UNUSED_FUNCTION = YES;
				GCC_WARN_UNUSED_VARIABLE = YES;
				IPHONEOS_DEPLOYMENT_TARGET = 10.0;
				MTL_ENABLE_DEBUG_INFO = NO;
				MTL_FAST_MATH = YES;
				SDKROOT = iphoneos;
				SWIFT_COMPILATION_MODE = wholemodule;
				SWIFT_OPTIMIZATION_LEVEL = "-O";
				VALIDATE_PRODUCT = YES;
			};
			name = Release;
		};
		D4E79E092170A387006F4225 /* Debug */ = {
			isa = XCBuildConfiguration;
			baseConfigurationReference = D4E79E232170A5C4006F4225 /* Config.xcconfig */;
			buildSettings = {
				ASSETCATALOG_COMPILER_APPICON_NAME = AppIcon;
				CLANG_ENABLE_MODULES = YES;
				CODE_SIGN_STYLE = Automatic;
				INFOPLIST_FILE = BeerList/Resources/Info.plist;
				LD_RUNPATH_SEARCH_PATHS = (
					"$(inherited)",
					"@executable_path/Frameworks",
				);
				PRODUCT_BUNDLE_IDENTIFIER = com.cmvicentehe.BeerList;
				PRODUCT_NAME = "$(TARGET_NAME)";
				SWIFT_OPTIMIZATION_LEVEL = "-Onone";
				SWIFT_VERSION = 4.2;
				TARGETED_DEVICE_FAMILY = "1,2";
			};
			name = Debug;
		};
		D4E79E0A2170A387006F4225 /* Release */ = {
			isa = XCBuildConfiguration;
			baseConfigurationReference = D4E79E232170A5C4006F4225 /* Config.xcconfig */;
			buildSettings = {
				ASSETCATALOG_COMPILER_APPICON_NAME = AppIcon;
				CLANG_ENABLE_MODULES = YES;
				CODE_SIGN_STYLE = Automatic;
				INFOPLIST_FILE = BeerList/Resources/Info.plist;
				LD_RUNPATH_SEARCH_PATHS = (
					"$(inherited)",
					"@executable_path/Frameworks",
				);
				PRODUCT_BUNDLE_IDENTIFIER = com.cmvicentehe.BeerList;
				PRODUCT_NAME = "$(TARGET_NAME)";
				SWIFT_VERSION = 4.2;
				TARGETED_DEVICE_FAMILY = "1,2";
			};
			name = Release;
		};
		D4E79E0C2170A387006F4225 /* Debug */ = {
			isa = XCBuildConfiguration;
			baseConfigurationReference = D4E79E232170A5C4006F4225 /* Config.xcconfig */;
			buildSettings = {
				ALWAYS_EMBED_SWIFT_STANDARD_LIBRARIES = YES;
				BUNDLE_LOADER = "$(TEST_HOST)";
				CODE_SIGN_STYLE = Automatic;
				INFOPLIST_FILE = BeerListTests/Info.plist;
				LD_RUNPATH_SEARCH_PATHS = (
					"$(inherited)",
					"@executable_path/Frameworks",
					"@loader_path/Frameworks",
				);
				PRODUCT_BUNDLE_IDENTIFIER = com.cmvicentehe.BeerListTests;
				PRODUCT_NAME = "$(TARGET_NAME)";
				SWIFT_VERSION = 4.2;
				TARGETED_DEVICE_FAMILY = "1,2";
				TEST_HOST = "$(BUILT_PRODUCTS_DIR)/BeerList.app/BeerList";
			};
			name = Debug;
		};
		D4E79E0D2170A387006F4225 /* Release */ = {
			isa = XCBuildConfiguration;
			baseConfigurationReference = D4E79E232170A5C4006F4225 /* Config.xcconfig */;
			buildSettings = {
				ALWAYS_EMBED_SWIFT_STANDARD_LIBRARIES = YES;
				BUNDLE_LOADER = "$(TEST_HOST)";
				CODE_SIGN_STYLE = Automatic;
				INFOPLIST_FILE = BeerListTests/Info.plist;
				LD_RUNPATH_SEARCH_PATHS = (
					"$(inherited)",
					"@executable_path/Frameworks",
					"@loader_path/Frameworks",
				);
				PRODUCT_BUNDLE_IDENTIFIER = com.cmvicentehe.BeerListTests;
				PRODUCT_NAME = "$(TARGET_NAME)";
				SWIFT_VERSION = 4.2;
				TARGETED_DEVICE_FAMILY = "1,2";
				TEST_HOST = "$(BUILT_PRODUCTS_DIR)/BeerList.app/BeerList";
			};
			name = Release;
		};
/* End XCBuildConfiguration section */

/* Begin XCConfigurationList section */
		D4E79DE62170A386006F4225 /* Build configuration list for PBXProject "BeerList" */ = {
			isa = XCConfigurationList;
			buildConfigurations = (
				D4E79E062170A387006F4225 /* Debug */,
				D4E79E072170A387006F4225 /* Release */,
			);
			defaultConfigurationIsVisible = 0;
			defaultConfigurationName = Release;
		};
		D4E79E082170A387006F4225 /* Build configuration list for PBXNativeTarget "BeerList" */ = {
			isa = XCConfigurationList;
			buildConfigurations = (
				D4E79E092170A387006F4225 /* Debug */,
				D4E79E0A2170A387006F4225 /* Release */,
			);
			defaultConfigurationIsVisible = 0;
			defaultConfigurationName = Release;
		};
		D4E79E0B2170A387006F4225 /* Build configuration list for PBXNativeTarget "BeerListTests" */ = {
			isa = XCConfigurationList;
			buildConfigurations = (
				D4E79E0C2170A387006F4225 /* Debug */,
				D4E79E0D2170A387006F4225 /* Release */,
			);
			defaultConfigurationIsVisible = 0;
			defaultConfigurationName = Release;
		};
/* End XCConfigurationList section */
	};
	rootObject = D4E79DE32170A386006F4225 /* Project object */;
}
